{
  "version": "5",
  "specifiers": {
    "npm:@xenova/transformers@2.15.1": "2.15.1"
  },
  "npm": {
    "@huggingface/jinja@0.1.3": {
      "integrity": "sha512-9KsiorsdIK8+7VmlamAT7Uh90zxAhC/SeKaKc80v58JhtPYuwaJpmR/ST7XAUxrHAFqHTCoTH5aJnJDwSL6xIQ=="
    },
    "@protobufjs/aspromise@1.1.2": {
      "integrity": "sha512-j+gKExEuLmKwvz3OgROXtrJ2UG2x8Ch2YZUxahh+s1F2HZ+wAceUNLkvy6zKCPVRkU++ZWQrdxsUeQXmcg4uoQ=="
    },
    "@protobufjs/base64@1.1.2": {
      "integrity": "sha512-AZkcAA5vnN/v4PDqKyMR5lx7hZttPDgClv83E//FMNhR2TMcLUhfRUBHCmSl0oi9zMgDDqRUJkSxO3wm85+XLg=="
    },
    "@protobufjs/codegen@2.0.4": {
      "integrity": "sha512-YyFaikqM5sH0ziFZCN3xDC7zeGaB/d0IUb9CATugHWbd1FRFwWwt4ld4OYMPWu5a3Xe01mGAULCdqhMlPl29Jg=="
    },
    "@protobufjs/eventemitter@1.1.0": {
      "integrity": "sha512-j9ednRT81vYJ9OfVuXG6ERSTdEL1xVsNgqpkxMsbIabzSo3goCjDIveeGv5d03om39ML71RdmrGNjG5SReBP/Q=="
    },
    "@protobufjs/fetch@1.1.0": {
      "integrity": "sha512-lljVXpqXebpsijW71PZaCYeIcE5on1w5DlQy5WH6GLbFryLUrBD4932W/E2BSpfRJWseIL4v/KPgBFxDOIdKpQ==",
      "dependencies": [
        "@protobufjs/aspromise",
        "@protobufjs/inquire"
      ]
    },
    "@protobufjs/float@1.0.2": {
      "integrity": "sha512-Ddb+kVXlXst9d+R9PfTIxh1EdNkgoRe5tOX6t01f1lYWOvJnSPDBlG241QLzcyPdoNTsblLUdujGSE4RzrTZGQ=="
    },
    "@protobufjs/inquire@1.1.0": {
      "integrity": "sha512-kdSefcPdruJiFMVSbn801t4vFK7KB/5gd2fYvrxhuJYg8ILrmn9SKSX2tZdV6V+ksulWqS7aXjBcRXl3wHoD9Q=="
    },
    "@protobufjs/path@1.1.2": {
      "integrity": "sha512-6JOcJ5Tm08dOHAbdR3GrvP+yUUfkjG5ePsHYczMFLq3ZmMkAD98cDgcT2iA1lJ9NVwFd4tH/iSSoe44YWkltEA=="
    },
    "@protobufjs/pool@1.1.0": {
      "integrity": "sha512-0kELaGSIDBKvcgS4zkjz1PeddatrjYcmMWOlAuAPwAeccUrPHdUqo/J6LiymHHEiJT5NrF1UVwxY14f+fy4WQw=="
    },
    "@protobufjs/utf8@1.1.0": {
      "integrity": "sha512-Vvn3zZrhQZkkBE8LSuW3em98c0FwgO4nxzv6OdSxPKJIEKY2bGbHn+mhGIPerzI4twdxaP8/0+06HBpwf345Lw=="
    },
    "@types/long@4.0.2": {
      "integrity": "sha512-MqTGEo5bj5t157U6fA/BiDynNkn0YknVdh48CMPkTSpFTVmvao5UQmm7uEF6xBEo7qIMAlY/JSleYaE6VOdpaA=="
    },
    "@types/node@24.2.0": {
      "integrity": "sha512-3xyG3pMCq3oYCNg7/ZP+E1ooTaGB4cG8JWRsqqOYQdbWNY4zbaV0Ennrd7stjiJEFZCaybcIgpTjJWHRfBSIDw==",
      "dependencies": [
        "undici-types"
      ]
    },
    "@xenova/transformers@2.15.1": {
      "integrity": "sha512-HX3kUZbr9v90PS/D2SyffGiFYQ6wQMbzwC1uLuCOA6nRSFOdr0TDnOTxfjS0RB6Phn6ThCTE1vX4n+NUsuobQg==",
      "dependencies": [
        "@huggingface/jinja",
        "onnxruntime-web",
        "sharp"
      ],
      "optionalDependencies": [
        "onnxruntime-node"
      ]
    },
    "b4a@1.6.7": {
      "integrity": "sha512-OnAYlL5b7LEkALw87fUVafQw5rVR9RjwGd4KUwNQ6DrrNmaVaUCgLipfVlzrPQ4tWOR9P0IXGNOx50jYCCdSJg=="
    },
    "bare-events@2.6.0": {
      "integrity": "sha512-EKZ5BTXYExaNqi3I3f9RtEsaI/xBSGjE0XZCZilPzFAV/goswFHuPd9jEZlPIZ/iNZJwDSao9qRiScySz7MbQg=="
    },
    "bare-fs@4.1.6_bare-events@2.6.0": {
      "integrity": "sha512-25RsLF33BqooOEFNdMcEhMpJy8EoR88zSMrnOQOaM3USnOK2VmaJ1uaQEwPA6AQjrv1lXChScosN6CzbwbO9OQ==",
      "dependencies": [
        "bare-events",
        "bare-path",
        "bare-stream"
      ]
    },
    "bare-os@3.6.1": {
      "integrity": "sha512-uaIjxokhFidJP+bmmvKSgiMzj2sV5GPHaZVAIktcxcpCyBFFWO+YlikVAdhmUo2vYFvFhOXIAlldqV29L8126g=="
    },
    "bare-path@3.0.0": {
      "integrity": "sha512-tyfW2cQcB5NN8Saijrhqn0Zh7AnFNsnczRcuWODH0eYAXBsJ5gVxAUuNr7tsHSC6IZ77cA0SitzT+s47kot8Mw==",
      "dependencies": [
        "bare-os"
      ]
    },
    "bare-stream@2.6.5_bare-events@2.6.0": {
      "integrity": "sha512-jSmxKJNJmHySi6hC42zlZnq00rga4jjxcgNZjY9N5WlOe/iOoGRtdwGsHzQv2RlH2KOYMwGUXhf2zXd32BA9RA==",
      "dependencies": [
        "bare-events",
        "streamx"
      ],
      "optionalPeers": [
        "bare-events"
      ]
    },
    "base64-js@1.5.1": {
      "integrity": "sha512-AKpaYlHn8t4SVbOHCy+b5+KKgvR4vrsD8vbvrbiQJps7fKDTkjkDry6ji0rUJjC0kzbNePLwzxq8iypo41qeWA=="
    },
    "bl@4.1.0": {
      "integrity": "sha512-1W07cM9gS6DcLperZfFSj+bWLtaPGSOHWhPiGzXmvVJbRLdG82sH/Kn8EtW1VqWVA54AKf2h5k5BbnIbwF3h6w==",
      "dependencies": [
        "buffer",
        "inherits",
        "readable-stream"
      ]
    },
    "buffer@5.7.1": {
      "integrity": "sha512-EHcyIPBQ4BSGlvjB16k5KgAJ27CIsHY/2JBmCRReo48y9rQ3MaUzWX3KVlBa4U7MyX02HdVj0K7C3WaB3ju7FQ==",
      "dependencies": [
        "base64-js",
        "ieee754"
      ]
    },
    "chownr@1.1.4": {
      "integrity": "sha512-jJ0bqzaylmJtVnNgzTeSOs8DPavpbYgEr/b0YL8/2GO3xJEhInFmhKMUnEJQjZumK7KXGFhUy89PrsJWlakBVg=="
    },
    "color-convert@2.0.1": {
      "integrity": "sha512-RRECPsj7iu/xb5oKYcsFHSppFNnsj/52OVTRKb4zP5onXwVF3zVmmToNcOfGC+CRDpfK/U584fMg38ZHCaElKQ==",
      "dependencies": [
        "color-name"
      ]
    },
    "color-name@1.1.4": {
      "integrity": "sha512-dOy+3AuW3a2wNbZHIuMZpTcgjGuLU/uBL/ubcZF9OXbDo8ff4O8yVp5Bf0efS8uEoYo5q4Fx7dY9OgQGXgAsQA=="
    },
    "color-string@1.9.1": {
      "integrity": "sha512-shrVawQFojnZv6xM40anx4CkoDP+fZsw/ZerEMsW/pyzsRbElpsL/DBVW7q3ExxwusdNXI3lXpuhEZkzs8p5Eg==",
      "dependencies": [
        "color-name",
        "simple-swizzle"
      ]
    },
    "color@4.2.3": {
      "integrity": "sha512-1rXeuUUiGGrykh+CeBdu5Ie7OJwinCgQY0bc7GCRxy5xVHy+moaqkpL/jqQq0MtQOeYcrqEz4abc5f0KtU7W4A==",
      "dependencies": [
        "color-convert",
        "color-string"
      ]
    },
    "decompress-response@6.0.0": {
      "integrity": "sha512-aW35yZM6Bb/4oJlZncMH2LCoZtJXTRxES17vE3hoRiowU2kWHaJKFkSBDnDR+cm9J+9QhXmREyIfv0pji9ejCQ==",
      "dependencies": [
        "mimic-response"
      ]
    },
    "deep-extend@0.6.0": {
      "integrity": "sha512-LOHxIOaPYdHlJRtCQfDIVZtfw/ufM8+rVj649RIHzcm/vGwQRXFt6OPqIFWsm2XEMrNIEtWR64sY1LEKD2vAOA=="
    },
    "detect-libc@2.0.4": {
      "integrity": "sha512-3UDv+G9CsCKO1WKMGw9fwq/SWJYbI0c5Y7LU1AXYoDdbhE2AHQ6N6Nb34sG8Fj7T5APy8qXDCKuuIHd1BR0tVA=="
    },
    "end-of-stream@1.4.5": {
      "integrity": "sha512-ooEGc6HP26xXq/N+GCGOT0JKCLDGrq2bQUZrQ7gyrJiZANJ/8YDTxTpQBXGMn+WbIQXNVpyWymm7KYVICQnyOg==",
      "dependencies": [
        "once"
      ]
    },
    "expand-template@2.0.3": {
      "integrity": "sha512-XYfuKMvj4O35f/pOXLObndIRvyQ+/+6AhODh+OKWj9S9498pHHn/IMszH+gt0fBCRWMNfk1ZSp5x3AifmnI2vg=="
    },
    "fast-fifo@1.3.2": {
      "integrity": "sha512-/d9sfos4yxzpwkDkuN7k2SqFKtYNmCTzgfEpz82x34IM9/zc8KGxQoXg1liNC/izpRM/MBdt44Nmx41ZWqk+FQ=="
    },
    "flatbuffers@1.12.0": {
      "integrity": "sha512-c7CZADjRcl6j0PlvFy0ZqXQ67qSEZfrVPynmnL+2zPc+NtMvrF8Y0QceMo7QqnSPc7+uWjUIAbvCQ5WIKlMVdQ=="
    },
    "fs-constants@1.0.0": {
      "integrity": "sha512-y6OAwoSIf7FyjMIv94u+b5rdheZEjzR63GTyZJm5qh4Bi+2YgwLCcI/fPFZkL5PSixOt6ZNKm+w+Hfp/Bciwow=="
    },
    "github-from-package@0.0.0": {
      "integrity": "sha512-SyHy3T1v2NUXn29OsWdxmK6RwHD+vkj3v8en8AOBZ1wBQ/hCAQ5bAQTD02kW4W9tUp/3Qh6J8r9EvntiyCmOOw=="
    },
    "guid-typescript@1.0.9": {
      "integrity": "sha512-Y8T4vYhEfwJOTbouREvG+3XDsjr8E3kIr7uf+JZ0BYloFsttiHU0WfvANVsR7TxNUJa/WpCnw/Ino/p+DeBhBQ=="
    },
    "ieee754@1.2.1": {
      "integrity": "sha512-dcyqhDvX1C46lXZcVqCpK+FtMRQVdIMN6/Df5js2zouUsqG7I6sFxitIC+7KYK29KdXOLHdu9zL4sFnoVQnqaA=="
    },
    "inherits@2.0.4": {
      "integrity": "sha512-k/vGaX4/Yla3WzyMCvTQOXYeIHvqOKtnqBduzTHpzpQZzAskKMhZ2K+EnBiSM9zGSoIFeMpXKxa4dYeZIQqewQ=="
    },
    "ini@1.3.8": {
      "integrity": "sha512-JV/yugV2uzW5iMRSiZAyDtQd+nxtUnjeLt0acNdw98kKLrvuRVyB80tsREOE7yvGVgalhZ6RNXCmEHkUKBKxew=="
    },
    "is-arrayish@0.3.2": {
      "integrity": "sha512-eVRqCvVlZbuw3GrM63ovNSNAeA1K16kaR/LRY/92w0zxQ5/1YzwblUX652i4Xs9RwAGjW9d9y6X88t8OaAJfWQ=="
    },
    "long@4.0.0": {
      "integrity": "sha512-XsP+KhQif4bjX1kbuSiySJFNAehNxgLb6hPRGJ9QsUr8ajHkuXGdrHmFUTUUXhDwVX2R5bY4JNZEwbUiMhV+MA=="
    },
    "mimic-response@3.1.0": {
      "integrity": "sha512-z0yWI+4FDrrweS8Zmt4Ej5HdJmky15+L2e6Wgn3+iK5fWzb6T3fhNFq2+MeTRb064c6Wr4N/wv0DzQTjNzHNGQ=="
    },
    "minimist@1.2.8": {
      "integrity": "sha512-2yyAR8qBkN3YuheJanUpWC5U3bb5osDywNB8RzDVlDwDHbocAJveqqj1u8+SVD7jkWT4yvsHCpWqqWqAxb0zCA=="
    },
    "mkdirp-classic@0.5.3": {
      "integrity": "sha512-gKLcREMhtuZRwRAfqP3RFW+TK4JqApVBtOIftVgjuABpAtpxhPGaDcfvbhNvD0B8iD1oUr/txX35NjcaY6Ns/A=="
    },
    "napi-build-utils@2.0.0": {
      "integrity": "sha512-GEbrYkbfF7MoNaoh2iGG84Mnf/WZfB0GdGEsM8wz7Expx/LlWf5U8t9nvJKXSp3qr5IsEbK04cBGhol/KwOsWA=="
    },
    "node-abi@3.75.0": {
      "integrity": "sha512-OhYaY5sDsIka7H7AtijtI9jwGYLyl29eQn/W623DiN/MIv5sUqc4g7BIDThX+gb7di9f6xK02nkp8sdfFWZLTg==",
      "dependencies": [
        "semver"
      ]
    },
    "node-addon-api@6.1.0": {
      "integrity": "sha512-+eawOlIgy680F0kBzPUNFhMZGtJ1YmqM6l4+Crf4IkImjYrO/mqPwRMh352g23uIaQKFItcQ64I7KMaJxHgAVA=="
    },
    "once@1.4.0": {
      "integrity": "sha512-lNaJgI+2Q5URQBkccEKHTQOPaXdUxnZZElQTZY0MFUAuaEqe1E+Nyvgdz/aIyNi6Z9MzO5dv1H8n58/GELp3+w==",
      "dependencies": [
        "wrappy"
      ]
    },
    "onnx-proto@4.0.4": {
      "integrity": "sha512-aldMOB3HRoo6q/phyB6QRQxSt895HNNw82BNyZ2CMh4bjeKv7g/c+VpAFtJuEMVfYLMbRx61hbuqnKceLeDcDA==",
      "dependencies": [
        "protobufjs"
      ]
    },
    "onnxruntime-common@1.14.0": {
      "integrity": "sha512-3LJpegM2iMNRX2wUmtYfeX/ytfOzNwAWKSq1HbRrKc9+uqG/FsEA0bbKZl1btQeZaXhC26l44NWpNUeXPII7Ew=="
    },
    "onnxruntime-node@1.14.0": {
      "integrity": "sha512-5ba7TWomIV/9b6NH/1x/8QEeowsb+jBEvFzU6z0T4mNsFwdPqXeFUM7uxC6QeSRkEbWu3qEB0VMjrvzN/0S9+w==",
      "dependencies": [
        "onnxruntime-common"
      ],
      "os": ["win32", "darwin", "linux"]
    },
    "onnxruntime-web@1.14.0": {
      "integrity": "sha512-Kcqf43UMfW8mCydVGcX9OMXI2VN17c0p6XvR7IPSZzBf/6lteBzXHvcEVWDPmCKuGombl997HgLqj91F11DzXw==",
      "dependencies": [
        "flatbuffers",
        "guid-typescript",
        "long",
        "onnx-proto",
        "onnxruntime-common",
        "platform"
      ]
    },
    "platform@1.3.6": {
      "integrity": "sha512-fnWVljUchTro6RiCFvCXBbNhJc2NijN7oIQxbwsyL0buWJPG85v81ehlHI9fXrJsMNgTofEoWIQeClKpgxFLrg=="
    },
    "prebuild-install@7.1.3": {
      "integrity": "sha512-8Mf2cbV7x1cXPUILADGI3wuhfqWvtiLA1iclTDbFRZkgRQS0NqsPZphna9V+HyTEadheuPmjaJMsbzKQFOzLug==",
      "dependencies": [
        "detect-libc",
        "expand-template",
        "github-from-package",
        "minimist",
        "mkdirp-classic",
        "napi-build-utils",
        "node-abi",
        "pump",
        "rc",
        "simple-get",
        "tar-fs@2.1.3",
        "tunnel-agent"
      ],
      "bin": true
    },
    "protobufjs@6.11.4": {
      "integrity": "sha512-5kQWPaJHi1WoCpjTGszzQ32PG2F4+wRY6BmAT4Vfw56Q2FZ4YZzK20xUYQH4YkfehY1e6QSICrJquM6xXZNcrw==",
      "dependencies": [
        "@protobufjs/aspromise",
        "@protobufjs/base64",
        "@protobufjs/codegen",
        "@protobufjs/eventemitter",
        "@protobufjs/fetch",
        "@protobufjs/float",
        "@protobufjs/inquire",
        "@protobufjs/path",
        "@protobufjs/pool",
        "@protobufjs/utf8",
        "@types/long",
        "@types/node",
        "long"
      ],
      "scripts": true,
      "bin": true
    },
    "pump@3.0.3": {
      "integrity": "sha512-todwxLMY7/heScKmntwQG8CXVkWUOdYxIvY2s0VWAAMh/nd8SoYiRaKjlr7+iCs984f2P8zvrfWcDDYVb73NfA==",
      "dependencies": [
        "end-of-stream",
        "once"
      ]
    },
    "rc@1.2.8": {
      "integrity": "sha512-y3bGgqKj3QBdxLbLkomlohkvsA8gdAiUQlSBJnBhfn+BPxg4bc62d8TcBW15wavDfgexCgccckhcZvywyQYPOw==",
      "dependencies": [
        "deep-extend",
        "ini",
        "minimist",
        "strip-json-comments"
      ],
      "bin": true
    },
    "readable-stream@3.6.2": {
      "integrity": "sha512-9u/sniCrY3D5WdsERHzHE4G2YCXqoG5FTHUiCC4SIbr6XcLZBY05ya9EKjYek9O5xOAwjGq+1JdGBAS7Q9ScoA==",
      "dependencies": [
        "inherits",
        "string_decoder",
        "util-deprecate"
      ]
    },
    "safe-buffer@5.2.1": {
      "integrity": "sha512-rp3So07KcdmmKbGvgaNxQSJr7bGVSVk5S9Eq1F+ppbRo70+YeaDxkw5Dd8NPN+GD6bjnYm2VuPuCXmpuYvmCXQ=="
    },
    "semver@7.7.2": {
      "integrity": "sha512-RF0Fw+rO5AMf9MAyaRXI4AV0Ulj5lMHqVxxdSgiVbixSCXoEmmX/jk0CuJw4+3SqroYO9VoUh+HcuJivvtJemA==",
      "bin": true
    },
    "sharp@0.32.6": {
      "integrity": "sha512-KyLTWwgcR9Oe4d9HwCwNM2l7+J0dUQwn/yf7S0EnTtb0eVS4RxO0eUSvxPtzT4F3SY+C4K6fqdv/DO27sJ/v/w==",
      "dependencies": [
        "color",
        "detect-libc",
        "node-addon-api",
        "prebuild-install",
        "semver",
        "simple-get",
        "tar-fs@3.1.0",
        "tunnel-agent"
      ],
      "scripts": true
    },
    "simple-concat@1.0.1": {
      "integrity": "sha512-cSFtAPtRhljv69IK0hTVZQ+OfE9nePi/rtJmw5UjHeVyVroEqJXP1sFztKUy1qU+xvz3u/sfYJLa947b7nAN2Q=="
    },
    "simple-get@4.0.1": {
      "integrity": "sha512-brv7p5WgH0jmQJr1ZDDfKDOSeWWg+OVypG99A/5vYGPqJ6pxiaHLy8nxtFjBA7oMa01ebA9gfh1uMCFqOuXxvA==",
      "dependencies": [
        "decompress-response",
        "once",
        "simple-concat"
      ]
    },
    "simple-swizzle@0.2.2": {
      "integrity": "sha512-JA//kQgZtbuY83m+xT+tXJkmJncGMTFT+C+g2h2R9uxkYIrE2yy9sgmcLhCnw57/WSD+Eh3J97FPEDFnbXnDUg==",
      "dependencies": [
        "is-arrayish"
      ]
    },
    "streamx@2.22.1": {
      "integrity": "sha512-znKXEBxfatz2GBNK02kRnCXjV+AA4kjZIUxeWSr3UGirZMJfTE9uiwKHobnbgxWyL/JWro8tTq+vOqAK1/qbSA==",
      "dependencies": [
        "fast-fifo",
        "text-decoder"
      ],
      "optionalDependencies": [
        "bare-events"
      ]
    },
    "string_decoder@1.3.0": {
      "integrity": "sha512-hkRX8U1WjJFd8LsDJ2yQ/wWWxaopEsABU1XfkM8A+j0+85JAGppt16cr1Whg6KIbb4okU6Mql6BOj+uup/wKeA==",
      "dependencies": [
        "safe-buffer"
      ]
    },
    "strip-json-comments@2.0.1": {
      "integrity": "sha512-4gB8na07fecVVkOI6Rs4e7T6NOTki5EmL7TUduTs6bu3EdnSycntVJ4re8kgZA+wx9IueI2Y11bfbgwtzuE0KQ=="
    },
    "tar-fs@2.1.3": {
      "integrity": "sha512-090nwYJDmlhwFwEW3QQl+vaNnxsO2yVsd45eTKRBzSzu+hlb1w2K9inVq5b0ngXuLVqQ4ApvsUHHnu/zQNkWAg==",
      "dependencies": [
        "chownr",
        "mkdirp-classic",
        "pump",
        "tar-stream@2.2.0"
      ]
    },
    "tar-fs@3.1.0": {
      "integrity": "sha512-5Mty5y/sOF1YWj1J6GiBodjlDc05CUR8PKXrsnFAiSG0xA+GHeWLovaZPYUDXkH/1iKRf2+M5+OrRgzC7O9b7w==",
      "dependencies": [
        "pump",
        "tar-stream@3.1.7"
      ],
      "optionalDependencies": [
        "bare-fs",
        "bare-path"
      ]
    },
    "tar-stream@2.2.0": {
      "integrity": "sha512-ujeqbceABgwMZxEJnk2HDY2DlnUZ+9oEcb1KzTVfYHio0UE6dG71n60d8D2I4qNvleWrrXpmjpt7vZeF1LnMZQ==",
      "dependencies": [
        "bl",
        "end-of-stream",
        "fs-constants",
        "inherits",
        "readable-stream"
      ]
    },
    "tar-stream@3.1.7": {
      "integrity": "sha512-qJj60CXt7IU1Ffyc3NJMjh6EkuCFej46zUqJ4J7pqYlThyd9bO0XBTmcOIhSzZJVWfsLks0+nle/j538YAW9RQ==",
      "dependencies": [
        "b4a",
        "fast-fifo",
        "streamx"
      ]
    },
    "text-decoder@1.2.3": {
      "integrity": "sha512-3/o9z3X0X0fTupwsYvR03pJ/DjWuqqrfwBgTQzdWDiQSm9KitAyz/9WqsT2JQW7KV2m+bC2ol/zqpW37NHxLaA==",
      "dependencies": [
        "b4a"
      ]
    },
    "tunnel-agent@0.6.0": {
      "integrity": "sha512-McnNiV1l8RYeY8tBgEpuodCC1mLUdbSN+CYBL7kJsJNInOP8UjDDEwdk6Mw60vdLLrr5NHKZhMAOSrR2NZuQ+w==",
      "dependencies": [
        "safe-buffer"
      ]
    },
    "undici-types@7.10.0": {
      "integrity": "sha512-t5Fy/nfn+14LuOc2KNYg75vZqClpAiqscVvMygNnlsHBFpSXdJaYtXMcdNLpl/Qvc3P2cB3s6lOV51nqsFq4ag=="
    },
    "util-deprecate@1.0.2": {
      "integrity": "sha512-EPD5q1uXyFxJpCrLnCc1nHnq3gOa6DZBocAIiI2TaSCA7VCJ1UJDMagCzIkXNsUYfD1daK//LTEQ8xiIbrHtcw=="
    },
    "wrappy@1.0.2": {
      "integrity": "sha512-l4Sp/DRseor9wL6EvV2+TuQn63dMkPjZ/sp9XkghTEbV9KlPS1xUsZ3u7/IQO4wxtcFB4bgpQPRcR3QCvezPcQ=="
    }
  },
  "remote": {
    "https://cdn.jsdelivr.net/npm/@huggingface/jinja@0.1.3/+esm": "01176c7efaa5fd2b28dc548007e5ac01e69ae64b2356c75224edb50e1405f8b3",
    "https://cdn.jsdelivr.net/npm/@xenova/transformers@2.15.1/+esm": "677a2e2f7482b43e28417156cad15679df514bbee96d2ef9ffc531b33ac9f5de",
    "https://cdn.jsdelivr.net/npm/onnxruntime-common@1.14.0/+esm": "776f585a44404f5e3b2e293b2b341e0f3a8f9ca9b0a2cf95460573c33beca0e3",
    "https://cdn.jsdelivr.net/npm/onnxruntime-web@1.14.0/+esm": "c20224ba7a542cf3b7994e52b250efee4c58a07700daf0e8a4f6ed90aafdb786",
    "https://deno.land/std@0.224.0/async/delay.ts": "f90dd685b97c2f142b8069082993e437b1602b8e2561134827eeb7c12b95c499",
    "https://deno.land/std@0.224.0/http/server.ts": "f9313804bf6467a1704f45f76cb6cd0a3396a3b31c316035e6a4c2035d1ea514"
  }
}
